
Microsoft Visual Studio Solution File, Format Version 11.00
# Visual Studio 2010
Project("{FAE04EC0-301F-11D3-BF4B-00C04F79EFBC}") = "DownloadFile", "DownloadFile\DownloadFile.csproj", "{04A46216-3745-414B-9116-E09545C22E35}"
EndProject
Project("{FAE04EC0-301F-11D3-BF4B-00C04F79EFBC}") = "ReadSetting", "ReadSetting\ReadSetting.csproj", "{F67CDFAD-9E70-4D2C-9766-986049113B65}"
EndProject
Project("{FAE04EC0-301F-11D3-BF4B-00C04F79EFBC}") = "AppendPath", "AppendPath\AppendPath.csproj", "{CD0221C9-727B-40A6-9DD5-6DFC747DFCDE}"
EndProject
Project("{FAE04EC0-301F-11D3-BF4B-00C04F79EFBC}") = "ExecuteMultipleCommand", "ExecuteMultipleCommand\ExecuteMultipleCommand.csproj", "{6814168D-C8B4-438F-AF6C-5A8AF9AC9160}"
EndProject
Project("{FAE04EC0-301F-11D3-BF4B-00C04F79EFBC}") = "ChaosMonkeyWait", "ChaosMonkeyWait\ChaosMonkeyWait.csproj", "{3544B39E-7F15-4D03-8F6C-142DEB4FE1E2}"
EndProject
Project("{FAE04EC0-301F-11D3-BF4B-00C04F79EFBC}") = "MountVHD", "MountVHD\MountVHD.csproj", "{0776FF72-E82F-4A2A-9CFB-EA5D0ED2A7AC}"
EndProject
Global
	GlobalSection(SolutionConfigurationPlatforms) = preSolution
		Debug|x86 = Debug|x86
		Release|x86 = Release|x86
	EndGlobalSection
	GlobalSection(ProjectConfigurationPlatforms) = postSolution
		{04A46216-3745-414B-9116-E09545C22E35}.Debug|x86.ActiveCfg = Debug|x86
		{04A46216-3745-414B-9116-E09545C22E35}.Debug|x86.Build.0 = Debug|x86
		{04A46216-3745-414B-9116-E09545C22E35}.Release|x86.ActiveCfg = Release|x86
		{04A46216-3745-414B-9116-E09545C22E35}.Release|x86.Build.0 = Release|x86
		{F67CDFAD-9E70-4D2C-9766-986049113B65}.Debug|x86.ActiveCfg = Debug|x86
		{F67CDFAD-9E70-4D2C-9766-986049113B65}.Debug|x86.Build.0 = Debug|x86
		{F67CDFAD-9E70-4D2C-9766-986049113B65}.Release|x86.ActiveCfg = Release|x86
		{F67CDFAD-9E70-4D2C-9766-986049113B65}.Release|x86.Build.0 = Release|x86
		{CD0221C9-727B-40A6-9DD5-6DFC747DFCDE}.Debug|x86.ActiveCfg = Debug|x86
		{CD0221C9-727B-40A6-9DD5-6DFC747DFCDE}.Debug|x86.Build.0 = Debug|x86
		{CD0221C9-727B-40A6-9DD5-6DFC747DFCDE}.Release|x86.ActiveCfg = Release|x86
		{CD0221C9-727B-40A6-9DD5-6DFC747DFCDE}.Release|x86.Build.0 = Release|x86
		{6814168D-C8B4-438F-AF6C-5A8AF9AC9160}.Debug|x86.ActiveCfg = Debug|x86
		{6814168D-C8B4-438F-AF6C-5A8AF9AC9160}.Debug|x86.Build.0 = Debug|x86
		{6814168D-C8B4-438F-AF6C-5A8AF9AC9160}.Release|x86.ActiveCfg = Release|x86
		{6814168D-C8B4-438F-AF6C-5A8AF9AC9160}.Release|x86.Build.0 = Release|x86
		{3544B39E-7F15-4D03-8F6C-142DEB4FE1E2}.Debug|x86.ActiveCfg = Debug|x86
		{3544B39E-7F15-4D03-8F6C-142DEB4FE1E2}.Debug|x86.Build.0 = Debug|x86
		{3544B39E-7F15-4D03-8F6C-142DEB4FE1E2}.Release|x86.ActiveCfg = Release|x86
		{3544B39E-7F15-4D03-8F6C-142DEB4FE1E2}.Release|x86.Build.0 = Release|x86
		{0776FF72-E82F-4A2A-9CFB-EA5D0ED2A7AC}.Debug|x86.ActiveCfg = Debug|x86
		{0776FF72-E82F-4A2A-9CFB-EA5D0ED2A7AC}.Debug|x86.Build.0 = Debug|x86
		{0776FF72-E82F-4A2A-9CFB-EA5D0ED2A7AC}.Release|x86.ActiveCfg = Release|x86
		{0776FF72-E82F-4A2A-9CFB-EA5D0ED2A7AC}.Release|x86.Build.0 = Release|x86
	EndGlobalSection
	GlobalSection(SolutionProperties) = preSolution
		HideSolutionNode = FALSE
	EndGlobalSection
EndGlobal
